
Microsoft Visual Studio Solution File, Format Version 12.00
# Visual Studio 15
VisualStudioVersion = 15.0.28307.852
MinimumVisualStudioVersion = 10.0.40219.1
Project("{888888A0-9F3D-457C-B088-3A5042F75D52}") = "FaceRegconition", "FaceRegconition\FaceRegconition.pyproj", "{C2A17308-D02D-4BE2-B1CF-05313C7ADB19}"
EndProject
Global
	GlobalSection(SolutionConfigurationPlatforms) = preSolution
		Debug|Any CPU = Debug|Any CPU
		Release|Any CPU = Release|Any CPU
	EndGlobalSection
	GlobalSection(ProjectConfigurationPlatforms) = postSolution
		{C2A17308-D02D-4BE2-B1CF-05313C7ADB19}.Debug|Any CPU.ActiveCfg = Debug|Any CPU
		{C2A17308-D02D-4BE2-B1CF-05313C7ADB19}.Release|Any CPU.ActiveCfg = Release|Any CPU
	EndGlobalSection
	GlobalSection(SolutionProperties) = preSolution
		HideSolutionNode = FALSE
	EndGlobalSection
	GlobalSection(ExtensibilityGlobals) = postSolution
		SolutionGuid = {867A1FCA-6F86-4E6A-8AAB-A6D33D452749}
	EndGlobalSection
EndGlobal
